{
  "lockfileVersion": 1,
  "workspaces": {
    "": {
      "devDependencies": {
        "autocorrect-node": "^2.13.3",
      },
    },
  },
  "packages": {
    "autocorrect-node": ["autocorrect-node@2.13.3", "https://registry.npmmirror.com/autocorrect-node/-/autocorrect-node-2.13.3.tgz", { "optionalDependencies": { "autocorrect-node-darwin-arm64": "2.13.3", "autocorrect-node-darwin-x64": "2.13.3", "autocorrect-node-linux-x64-gnu": "2.13.3", "autocorrect-node-linux-x64-musl": "2.13.3", "autocorrect-node-win32-x64-msvc": "2.13.3" }, "bin": { "autocorrect": "cli.js" } }, "sha512-4DUb5QqwFL4y4Jx2Gf5+ffc6EjQr2dfZScpbRyBRTW03vDe7zTU5v4nskCAAJvIpKQyW14lQKNQkk9X0rrMw5Q=="],

    "autocorrect-node-darwin-arm64": ["autocorrect-node-darwin-arm64@2.13.3", "https://registry.npmmirror.com/autocorrect-node-darwin-arm64/-/autocorrect-node-darwin-arm64-2.13.3.tgz", { "os": "darwin", "cpu": "arm64" }, "sha512-oLlBdhOPP5Pw4FmRdqipwyFg7dS+7kIp7qKbBnsTzEpPS2xLjcFHThOq/GfFHbW4gDlMfVH5fBT24FmK21SDwA=="],

    "autocorrect-node-darwin-x64": ["autocorrect-node-darwin-x64@2.13.3", "https://registry.npmmirror.com/autocorrect-node-darwin-x64/-/autocorrect-node-darwin-x64-2.13.3.tgz", { "os": "darwin", "cpu": "x64" }, "sha512-FF8LzKVOwetp6g1qBvlaepYAoSAA7y6ElBHzME7zvjucrvsDwZGVubRCmeTqefWXFsjnZcG8TWkJn1SG1zdx4g=="],

    "autocorrect-node-linux-x64-gnu": ["autocorrect-node-linux-x64-gnu@2.13.3", "https://registry.npmmirror.com/autocorrect-node-linux-x64-gnu/-/autocorrect-node-linux-x64-gnu-2.13.3.tgz", { "os": "linux", "cpu": "x64" }, "sha512-hvH/5xT1Jbkj1veGWpDkBG+4wa1hER4RkKlVWdafJqJQSRDUCqXsY1WYuQWj9It862CGnuX0e5/DCWnE9kzVmQ=="],

    "autocorrect-node-linux-x64-musl": ["autocorrect-node-linux-x64-musl@2.13.3", "https://registry.npmmirror.com/autocorrect-node-linux-x64-musl/-/autocorrect-node-linux-x64-musl-2.13.3.tgz", { "os": "linux", "cpu": "x64" }, "sha512-9WCbUrzd5yX6aH/bpK9/tB+cpt9f+T7dh1QbN0QYz8N0eUMJi6XBbVJwCrcpu9DBXplf9vQWkVAhGBms9/bs6g=="],

    "autocorrect-node-win32-x64-msvc": ["autocorrect-node-win32-x64-msvc@2.13.3", "https://registry.npmmirror.com/autocorrect-node-win32-x64-msvc/-/autocorrect-node-win32-x64-msvc-2.13.3.tgz", { "os": "win32", "cpu": "x64" }, "sha512-TfKbyLW6L+z0kYxu5Nj5TrtvcTSnOb+0wckUykRahZprytwWDk4EIgPbcJXakXUoPgQ8Ejj6/HXsFBf0jDByBA=="],
  }
}
